
Microsoft Visual Studio Solution File, Format Version 12.00
# Visual Studio 15
VisualStudioVersion = 15.0.28307.902
MinimumVisualStudioVersion = 10.0.40219.1
Project("{FAE04EC0-301F-11D3-BF4B-00C04F79EFBC}") = "NurseManagement", "NurseManagement\NurseManagement.csproj", "{8C99B676-9022-42C4-9113-9FEFD5CF2021}"
EndProject
Global
	GlobalSection(SolutionConfigurationPlatforms) = preSolution
		Debug|Any CPU = Debug|Any CPU
		Release|Any CPU = Release|Any CPU
	EndGlobalSection
	GlobalSection(ProjectConfigurationPlatforms) = postSolution
		{8C99B676-9022-42C4-9113-9FEFD5CF2021}.Debug|Any CPU.ActiveCfg = Debug|Any CPU
		{8C99B676-9022-42C4-9113-9FEFD5CF2021}.Debug|Any CPU.Build.0 = Debug|Any CPU
		{8C99B676-9022-42C4-9113-9FEFD5CF2021}.Release|Any CPU.ActiveCfg = Release|Any CPU
		{8C99B676-9022-42C4-9113-9FEFD5CF2021}.Release|Any CPU.Build.0 = Release|Any CPU
	EndGlobalSection
	GlobalSection(SolutionProperties) = preSolution
		HideSolutionNode = FALSE
	EndGlobalSection
	GlobalSection(ExtensibilityGlobals) = postSolution
		SolutionGuid = {3E5EF21A-19C3-4102-921D-E044F876DF2B}
	EndGlobalSection
EndGlobal
